
Microsoft Visual Studio Solution File, Format Version 12.00
# Visual Studio Version 17
VisualStudioVersion = 17.14.36603.0 d17.14
MinimumVisualStudioVersion = 10.0.40219.1
Project("{FAE04EC0-301F-11D3-BF4B-00C04F79EFBC}") = "NailBookingAPI", "NailBookingAPI.csproj", "{75287230-4F32-443C-9E7B-B3E420CBF9D0}"
EndProject
Global
	GlobalSection(SolutionConfigurationPlatforms) = preSolution
		Debug|Any CPU = Debug|Any CPU
		Release|Any CPU = Release|Any CPU
	EndGlobalSection
	GlobalSection(ProjectConfigurationPlatforms) = postSolution
		{75287230-4F32-443C-9E7B-B3E420CBF9D0}.Debug|Any CPU.ActiveCfg = Debug|Any CPU
		{75287230-4F32-443C-9E7B-B3E420CBF9D0}.Debug|Any CPU.Build.0 = Debug|Any CPU
		{75287230-4F32-443C-9E7B-B3E420CBF9D0}.Release|Any CPU.ActiveCfg = Release|Any CPU
		{75287230-4F32-443C-9E7B-B3E420CBF9D0}.Release|Any CPU.Build.0 = Release|Any CPU
	EndGlobalSection
	GlobalSection(SolutionProperties) = preSolution
		HideSolutionNode = FALSE
	EndGlobalSection
	GlobalSection(ExtensibilityGlobals) = postSolution
		SolutionGuid = {0B013353-2070-41CB-90C7-583793CA2CC4}
	EndGlobalSection
EndGlobal
